
Microsoft Visual Studio Solution File, Format Version 12.00
# Visual Studio Version 16
VisualStudioVersion = 16.0.30804.86
MinimumVisualStudioVersion = 10.0.40219.1
Project("{FAE04EC0-301F-11D3-BF4B-00C04F79EFBC}") = "Library", "Library.csproj", "{803DBA33-7F2D-498F-B7D4-7F680B4FC344}"
EndProject
Global
	GlobalSection(SolutionConfigurationPlatforms) = preSolution
		Debug|Any CPU = Debug|Any CPU
		Release|Any CPU = Release|Any CPU
	EndGlobalSection
	GlobalSection(ProjectConfigurationPlatforms) = postSolution
		{803DBA33-7F2D-498F-B7D4-7F680B4FC344}.Debug|Any CPU.ActiveCfg = Debug|Any CPU
		{803DBA33-7F2D-498F-B7D4-7F680B4FC344}.Debug|Any CPU.Build.0 = Debug|Any CPU
		{803DBA33-7F2D-498F-B7D4-7F680B4FC344}.Release|Any CPU.ActiveCfg = Release|Any CPU
		{803DBA33-7F2D-498F-B7D4-7F680B4FC344}.Release|Any CPU.Build.0 = Release|Any CPU
	EndGlobalSection
	GlobalSection(SolutionProperties) = preSolution
		HideSolutionNode = FALSE
	EndGlobalSection
	GlobalSection(ExtensibilityGlobals) = postSolution
		SolutionGuid = {F2F9E4BE-3680-43AE-9E73-1A14EEF1EABC}
	EndGlobalSection
EndGlobal
